
Microsoft Visual Studio Solution File, Format Version 12.00
# Visual Studio Version 17
VisualStudioVersion = 17.2.32526.322
MinimumVisualStudioVersion = 10.0.40219.1
Project("{2150E333-8FDC-42A3-9474-1A3956D46DE8}") = "Solution Items", "Solution Items", "{21181635-2803-4730-AA55-57799C691991}"
	ProjectSection(SolutionItems) = preProject
		Global.json = Global.json
		README.md = README.md
	EndProjectSection
EndProject
Project("{2150E333-8FDC-42A3-9474-1A3956D46DE8}") = "src", "src", "{32FEAE21-B222-47E7-A9A4-C013A962A7B6}"
EndProject
Project("{2150E333-8FDC-42A3-9474-1A3956D46DE8}") = "tests", "tests", "{A9EDA1D6-04A8-41A2-8137-94DA5CF2DBA3}"
EndProject
Project("{2150E333-8FDC-42A3-9474-1A3956D46DE8}") = "ApiGateways", "ApiGateways", "{C7769387-BC36-422B-89C5-A0DCFDE3A973}"
EndProject
Project("{2150E333-8FDC-42A3-9474-1A3956D46DE8}") = "BuildingBlocks", "BuildingBlocks", "{9BE853F1-4C83-45DC-AEAF-A1A787D3469F}"
EndProject
Project("{2150E333-8FDC-42A3-9474-1A3956D46DE8}") = "Services", "Services", "{8B580DD1-C145-45DE-B204-BAABDD94901D}"
EndProject
Project("{2150E333-8FDC-42A3-9474-1A3956D46DE8}") = "WebApps", "WebApps", "{EB3F89CA-F928-42F6-97FB-AFF6CCDC834D}"
EndProject
Project("{FAE04EC0-301F-11D3-BF4B-00C04F79EFBC}") = "Common.Logging", "src\BuildingBlocks\Common.Logging\Common.Logging.csproj", "{D949B860-59A2-4240-9AB5-410F20BF3783}"
EndProject
Project("{FAE04EC0-301F-11D3-BF4B-00C04F79EFBC}") = "EventBus.Messages", "src\BuildingBlocks\EventBus.Messages\EventBus.Messages.csproj", "{DB3CEEE1-7C1D-4A18-84BC-B312871B7C8A}"
EndProject
Project("{2150E333-8FDC-42A3-9474-1A3956D46DE8}") = "Product", "Product", "{12C1D7DA-42D5-447A-8843-37C2B6CB9A33}"
EndProject
Project("{2150E333-8FDC-42A3-9474-1A3956D46DE8}") = "Customer", "Customer", "{64416907-49ED-4595-85D8-64EE55BB6208}"
EndProject
Project("{2150E333-8FDC-42A3-9474-1A3956D46DE8}") = "Basket", "Basket", "{78A8238A-10E0-4652-A5AC-EB1EDAB32D08}"
EndProject
Project("{2150E333-8FDC-42A3-9474-1A3956D46DE8}") = "Ordering", "Ordering", "{047CB0E2-BB02-46D5-B71C-984649A4F4C4}"
EndProject
Project("{2150E333-8FDC-42A3-9474-1A3956D46DE8}") = "Inventory", "Inventory", "{33345B75-9EB7-4F35-8DB8-DA7A948D9808}"
EndProject
Project("{2150E333-8FDC-42A3-9474-1A3956D46DE8}") = "ScheduledJob", "ScheduledJob", "{A599FD34-8E65-4E05-A26E-0A573FD34DB2}"
EndProject
Project("{FAE04EC0-301F-11D3-BF4B-00C04F79EFBC}") = "WebHeathStatus", "src\WebApps\WebHeathStatus\WebHeathStatus.csproj", "{EDE3061B-7CDA-41EA-92B6-91EC7B41FA5D}"
EndProject
Project("{FAE04EC0-301F-11D3-BF4B-00C04F79EFBC}") = "Basket.API", "src\Services\Basket.API\Basket.API.csproj", "{CF6BB086-A1E4-42CE-A759-3CD345ADF8C8}"
EndProject
Project("{FAE04EC0-301F-11D3-BF4B-00C04F79EFBC}") = "Customer.API", "src\Services\Customer.API\Customer.API.csproj", "{400FF8E2-0B89-4739-AAC9-42164850AE8B}"
EndProject
Project("{FAE04EC0-301F-11D3-BF4B-00C04F79EFBC}") = "Inventory.Product.API", "src\Services\Inventory.Product.API\Inventory.Product.API.csproj", "{1AB4B880-178B-4E2B-913D-F7A01C7B5CBA}"
EndProject
Project("{FAE04EC0-301F-11D3-BF4B-00C04F79EFBC}") = "Ordering.API", "src\Services\Ordering.API\Ordering.API.csproj", "{D67767C9-13C6-44EA-989B-7993553B1DF6}"
EndProject
Project("{FAE04EC0-301F-11D3-BF4B-00C04F79EFBC}") = "Product.API", "src\Services\Product.API\Product.API.csproj", "{41B176BC-2632-4048-84E7-969C1A345E2D}"
EndProject
Project("{FAE04EC0-301F-11D3-BF4B-00C04F79EFBC}") = "Hangfire.API", "src\Services\Hangfire.API\Hangfire.API.csproj", "{B9E39499-4366-4188-9E2B-E419AB907F38}"
EndProject
Project("{FAE04EC0-301F-11D3-BF4B-00C04F79EFBC}") = "Contracts", "src\BuildingBlocks\Contracts\Contracts.csproj", "{DA11835A-8C09-4D9D-B7BB-3C31B8B631CE}"
EndProject
Project("{FAE04EC0-301F-11D3-BF4B-00C04F79EFBC}") = "Infrastructure", "src\BuildingBlocks\Infrastructure\Infrastructure.csproj", "{C4A34C40-8C07-42A0-AE19-13FA09408379}"
EndProject
Project("{FAE04EC0-301F-11D3-BF4B-00C04F79EFBC}") = "Shared", "src\BuildingBlocks\Shared\Shared.csproj", "{C1FE774D-FC91-4774-9E23-4380C9231E9E}"
EndProject
Project("{FAE04EC0-301F-11D3-BF4B-00C04F79EFBC}") = "OcelotApiGw", "src\ApiGateways\OcelotApiGw\OcelotApiGw.csproj", "{542981B8-56E7-457F-90E8-DE3E00A301D1}"
EndProject
Global
	GlobalSection(SolutionConfigurationPlatforms) = preSolution
		Debug|Any CPU = Debug|Any CPU
		Release|Any CPU = Release|Any CPU
	EndGlobalSection
	GlobalSection(ProjectConfigurationPlatforms) = postSolution
		{D949B860-59A2-4240-9AB5-410F20BF3783}.Debug|Any CPU.ActiveCfg = Debug|Any CPU
		{D949B860-59A2-4240-9AB5-410F20BF3783}.Debug|Any CPU.Build.0 = Debug|Any CPU
		{D949B860-59A2-4240-9AB5-410F20BF3783}.Release|Any CPU.ActiveCfg = Release|Any CPU
		{D949B860-59A2-4240-9AB5-410F20BF3783}.Release|Any CPU.Build.0 = Release|Any CPU
		{DB3CEEE1-7C1D-4A18-84BC-B312871B7C8A}.Debug|Any CPU.ActiveCfg = Debug|Any CPU
		{DB3CEEE1-7C1D-4A18-84BC-B312871B7C8A}.Debug|Any CPU.Build.0 = Debug|Any CPU
		{DB3CEEE1-7C1D-4A18-84BC-B312871B7C8A}.Release|Any CPU.ActiveCfg = Release|Any CPU
		{DB3CEEE1-7C1D-4A18-84BC-B312871B7C8A}.Release|Any CPU.Build.0 = Release|Any CPU
		{EDE3061B-7CDA-41EA-92B6-91EC7B41FA5D}.Debug|Any CPU.ActiveCfg = Debug|Any CPU
		{EDE3061B-7CDA-41EA-92B6-91EC7B41FA5D}.Debug|Any CPU.Build.0 = Debug|Any CPU
		{EDE3061B-7CDA-41EA-92B6-91EC7B41FA5D}.Release|Any CPU.ActiveCfg = Release|Any CPU
		{EDE3061B-7CDA-41EA-92B6-91EC7B41FA5D}.Release|Any CPU.Build.0 = Release|Any CPU
		{CF6BB086-A1E4-42CE-A759-3CD345ADF8C8}.Debug|Any CPU.ActiveCfg = Debug|Any CPU
		{CF6BB086-A1E4-42CE-A759-3CD345ADF8C8}.Debug|Any CPU.Build.0 = Debug|Any CPU
		{CF6BB086-A1E4-42CE-A759-3CD345ADF8C8}.Release|Any CPU.ActiveCfg = Release|Any CPU
		{CF6BB086-A1E4-42CE-A759-3CD345ADF8C8}.Release|Any CPU.Build.0 = Release|Any CPU
		{400FF8E2-0B89-4739-AAC9-42164850AE8B}.Debug|Any CPU.ActiveCfg = Debug|Any CPU
		{400FF8E2-0B89-4739-AAC9-42164850AE8B}.Debug|Any CPU.Build.0 = Debug|Any CPU
		{400FF8E2-0B89-4739-AAC9-42164850AE8B}.Release|Any CPU.ActiveCfg = Release|Any CPU
		{400FF8E2-0B89-4739-AAC9-42164850AE8B}.Release|Any CPU.Build.0 = Release|Any CPU
		{1AB4B880-178B-4E2B-913D-F7A01C7B5CBA}.Debug|Any CPU.ActiveCfg = Debug|Any CPU
		{1AB4B880-178B-4E2B-913D-F7A01C7B5CBA}.Debug|Any CPU.Build.0 = Debug|Any CPU
		{1AB4B880-178B-4E2B-913D-F7A01C7B5CBA}.Release|Any CPU.ActiveCfg = Release|Any CPU
		{1AB4B880-178B-4E2B-913D-F7A01C7B5CBA}.Release|Any CPU.Build.0 = Release|Any CPU
		{D67767C9-13C6-44EA-989B-7993553B1DF6}.Debug|Any CPU.ActiveCfg = Debug|Any CPU
		{D67767C9-13C6-44EA-989B-7993553B1DF6}.Debug|Any CPU.Build.0 = Debug|Any CPU
		{D67767C9-13C6-44EA-989B-7993553B1DF6}.Release|Any CPU.ActiveCfg = Release|Any CPU
		{D67767C9-13C6-44EA-989B-7993553B1DF6}.Release|Any CPU.Build.0 = Release|Any CPU
		{41B176BC-2632-4048-84E7-969C1A345E2D}.Debug|Any CPU.ActiveCfg = Debug|Any CPU
		{41B176BC-2632-4048-84E7-969C1A345E2D}.Debug|Any CPU.Build.0 = Debug|Any CPU
		{41B176BC-2632-4048-84E7-969C1A345E2D}.Release|Any CPU.ActiveCfg = Release|Any CPU
		{41B176BC-2632-4048-84E7-969C1A345E2D}.Release|Any CPU.Build.0 = Release|Any CPU
		{B9E39499-4366-4188-9E2B-E419AB907F38}.Debug|Any CPU.ActiveCfg = Debug|Any CPU
		{B9E39499-4366-4188-9E2B-E419AB907F38}.Debug|Any CPU.Build.0 = Debug|Any CPU
		{B9E39499-4366-4188-9E2B-E419AB907F38}.Release|Any CPU.ActiveCfg = Release|Any CPU
		{B9E39499-4366-4188-9E2B-E419AB907F38}.Release|Any CPU.Build.0 = Release|Any CPU
		{DA11835A-8C09-4D9D-B7BB-3C31B8B631CE}.Debug|Any CPU.ActiveCfg = Debug|Any CPU
		{DA11835A-8C09-4D9D-B7BB-3C31B8B631CE}.Debug|Any CPU.Build.0 = Debug|Any CPU
		{DA11835A-8C09-4D9D-B7BB-3C31B8B631CE}.Release|Any CPU.ActiveCfg = Release|Any CPU
		{DA11835A-8C09-4D9D-B7BB-3C31B8B631CE}.Release|Any CPU.Build.0 = Release|Any CPU
		{C4A34C40-8C07-42A0-AE19-13FA09408379}.Debug|Any CPU.ActiveCfg = Debug|Any CPU
		{C4A34C40-8C07-42A0-AE19-13FA09408379}.Debug|Any CPU.Build.0 = Debug|Any CPU
		{C4A34C40-8C07-42A0-AE19-13FA09408379}.Release|Any CPU.ActiveCfg = Release|Any CPU
		{C4A34C40-8C07-42A0-AE19-13FA09408379}.Release|Any CPU.Build.0 = Release|Any CPU
		{C1FE774D-FC91-4774-9E23-4380C9231E9E}.Debug|Any CPU.ActiveCfg = Debug|Any CPU
		{C1FE774D-FC91-4774-9E23-4380C9231E9E}.Debug|Any CPU.Build.0 = Debug|Any CPU
		{C1FE774D-FC91-4774-9E23-4380C9231E9E}.Release|Any CPU.ActiveCfg = Release|Any CPU
		{C1FE774D-FC91-4774-9E23-4380C9231E9E}.Release|Any CPU.Build.0 = Release|Any CPU
		{542981B8-56E7-457F-90E8-DE3E00A301D1}.Debug|Any CPU.ActiveCfg = Debug|Any CPU
		{542981B8-56E7-457F-90E8-DE3E00A301D1}.Debug|Any CPU.Build.0 = Debug|Any CPU
		{542981B8-56E7-457F-90E8-DE3E00A301D1}.Release|Any CPU.ActiveCfg = Release|Any CPU
		{542981B8-56E7-457F-90E8-DE3E00A301D1}.Release|Any CPU.Build.0 = Release|Any CPU
	EndGlobalSection
	GlobalSection(SolutionProperties) = preSolution
		HideSolutionNode = FALSE
	EndGlobalSection
	GlobalSection(NestedProjects) = preSolution
		{C7769387-BC36-422B-89C5-A0DCFDE3A973} = {32FEAE21-B222-47E7-A9A4-C013A962A7B6}
		{9BE853F1-4C83-45DC-AEAF-A1A787D3469F} = {32FEAE21-B222-47E7-A9A4-C013A962A7B6}
		{8B580DD1-C145-45DE-B204-BAABDD94901D} = {32FEAE21-B222-47E7-A9A4-C013A962A7B6}
		{EB3F89CA-F928-42F6-97FB-AFF6CCDC834D} = {32FEAE21-B222-47E7-A9A4-C013A962A7B6}
		{D949B860-59A2-4240-9AB5-410F20BF3783} = {9BE853F1-4C83-45DC-AEAF-A1A787D3469F}
		{DB3CEEE1-7C1D-4A18-84BC-B312871B7C8A} = {9BE853F1-4C83-45DC-AEAF-A1A787D3469F}
		{12C1D7DA-42D5-447A-8843-37C2B6CB9A33} = {8B580DD1-C145-45DE-B204-BAABDD94901D}
		{64416907-49ED-4595-85D8-64EE55BB6208} = {8B580DD1-C145-45DE-B204-BAABDD94901D}
		{78A8238A-10E0-4652-A5AC-EB1EDAB32D08} = {8B580DD1-C145-45DE-B204-BAABDD94901D}
		{047CB0E2-BB02-46D5-B71C-984649A4F4C4} = {8B580DD1-C145-45DE-B204-BAABDD94901D}
		{33345B75-9EB7-4F35-8DB8-DA7A948D9808} = {8B580DD1-C145-45DE-B204-BAABDD94901D}
		{A599FD34-8E65-4E05-A26E-0A573FD34DB2} = {8B580DD1-C145-45DE-B204-BAABDD94901D}
		{EDE3061B-7CDA-41EA-92B6-91EC7B41FA5D} = {EB3F89CA-F928-42F6-97FB-AFF6CCDC834D}
		{CF6BB086-A1E4-42CE-A759-3CD345ADF8C8} = {78A8238A-10E0-4652-A5AC-EB1EDAB32D08}
		{400FF8E2-0B89-4739-AAC9-42164850AE8B} = {64416907-49ED-4595-85D8-64EE55BB6208}
		{1AB4B880-178B-4E2B-913D-F7A01C7B5CBA} = {33345B75-9EB7-4F35-8DB8-DA7A948D9808}
		{D67767C9-13C6-44EA-989B-7993553B1DF6} = {047CB0E2-BB02-46D5-B71C-984649A4F4C4}
		{41B176BC-2632-4048-84E7-969C1A345E2D} = {12C1D7DA-42D5-447A-8843-37C2B6CB9A33}
		{B9E39499-4366-4188-9E2B-E419AB907F38} = {A599FD34-8E65-4E05-A26E-0A573FD34DB2}
		{DA11835A-8C09-4D9D-B7BB-3C31B8B631CE} = {9BE853F1-4C83-45DC-AEAF-A1A787D3469F}
		{C4A34C40-8C07-42A0-AE19-13FA09408379} = {9BE853F1-4C83-45DC-AEAF-A1A787D3469F}
		{C1FE774D-FC91-4774-9E23-4380C9231E9E} = {9BE853F1-4C83-45DC-AEAF-A1A787D3469F}
		{542981B8-56E7-457F-90E8-DE3E00A301D1} = {C7769387-BC36-422B-89C5-A0DCFDE3A973}
	EndGlobalSection
	GlobalSection(ExtensibilityGlobals) = postSolution
		SolutionGuid = {AD99482D-02E8-4B6B-9897-49F89DF6E228}
	EndGlobalSection
EndGlobal
